
Microsoft Visual Studio Solution File, Format Version 12.00
# Visual Studio Version 17
VisualStudioVersion = 17.0.31912.275
MinimumVisualStudioVersion = 10.0.40219.1
Project("{FAE04EC0-301F-11D3-BF4B-00C04F79EFBC}") = "Allup", "Allup\Allup.csproj", "{D978C95A-3222-40D5-99B0-1B314F2E651B}"
EndProject
Global
	GlobalSection(SolutionConfigurationPlatforms) = preSolution
		Debug|Any CPU = Debug|Any CPU
		Release|Any CPU = Release|Any CPU
	EndGlobalSection
	GlobalSection(ProjectConfigurationPlatforms) = postSolution
		{D978C95A-3222-40D5-99B0-1B314F2E651B}.Debug|Any CPU.ActiveCfg = Debug|Any CPU
		{D978C95A-3222-40D5-99B0-1B314F2E651B}.Debug|Any CPU.Build.0 = Debug|Any CPU
		{D978C95A-3222-40D5-99B0-1B314F2E651B}.Release|Any CPU.ActiveCfg = Release|Any CPU
		{D978C95A-3222-40D5-99B0-1B314F2E651B}.Release|Any CPU.Build.0 = Release|Any CPU
	EndGlobalSection
	GlobalSection(SolutionProperties) = preSolution
		HideSolutionNode = FALSE
	EndGlobalSection
	GlobalSection(ExtensibilityGlobals) = postSolution
		SolutionGuid = {F62BB9E0-722C-4C1E-8416-9756B2F8E2AE}
	EndGlobalSection
EndGlobal
